// !$*UTF8*$!
{
	archiveVersion = 1;
	classes = {
	};
	objectVersion = 55;
	objects = {

/* Begin PBXBuildFile section */
		2E42EC2228A7997000C6BFFF /* CoinImageView.swift in Sources */ = {isa = PBXBuildFile; fileRef = 2E42EC2128A7997000C6BFFF /* CoinImageView.swift */; };
		2E42EC2428A79FCC00C6BFFF /* CoinImageService.swift in Sources */ = {isa = PBXBuildFile; fileRef = 2E42EC2328A79FCC00C6BFFF /* CoinImageService.swift */; };
		2E42EC2628A7A1CC00C6BFFF /* CoinImageViewModel.swift in Sources */ = {isa = PBXBuildFile; fileRef = 2E42EC2528A7A1CC00C6BFFF /* CoinImageViewModel.swift */; };
		2E42EC2828A7BF7900C6BFFF /* LocalFileManager.swift in Sources */ = {isa = PBXBuildFile; fileRef = 2E42EC2728A7BF7900C6BFFF /* LocalFileManager.swift */; };
		2E42EC2B28A7CE1700C6BFFF /* SearchBarView.swift in Sources */ = {isa = PBXBuildFile; fileRef = 2E42EC2A28A7CE1700C6BFFF /* SearchBarView.swift */; };
		2E42EC2D28A7D29E00C6BFFF /* UIApplication.swift in Sources */ = {isa = PBXBuildFile; fileRef = 2E42EC2C28A7D29E00C6BFFF /* UIApplication.swift */; };
		2E45D2A528A6F3FA00B65EC6 /* CoinDataService.swift in Sources */ = {isa = PBXBuildFile; fileRef = 2E45D2A428A6F3FA00B65EC6 /* CoinDataService.swift */; };
		2E45D2A828A6FC7A00B65EC6 /* NetworkingManager.swift in Sources */ = {isa = PBXBuildFile; fileRef = 2E45D2A728A6FC7A00B65EC6 /* NetworkingManager.swift */; };
		2E741BC928A58E3F006873C1 /* SwiftfulCryptoApp.swift in Sources */ = {isa = PBXBuildFile; fileRef = 2E741BC828A58E3F006873C1 /* SwiftfulCryptoApp.swift */; };
		2E741BCB28A58E3F006873C1 /* ContentView.swift in Sources */ = {isa = PBXBuildFile; fileRef = 2E741BCA28A58E3F006873C1 /* ContentView.swift */; };
		2E741BCD28A58E45006873C1 /* Assets.xcassets in Resources */ = {isa = PBXBuildFile; fileRef = 2E741BCC28A58E44006873C1 /* Assets.xcassets */; };
		2E741BD028A58E45006873C1 /* Preview Assets.xcassets in Resources */ = {isa = PBXBuildFile; fileRef = 2E741BCF28A58E45006873C1 /* Preview Assets.xcassets */; };
		2E741BD828A5912E006873C1 /* Color.swift in Sources */ = {isa = PBXBuildFile; fileRef = 2E741BD728A5912E006873C1 /* Color.swift */; };
		2E741BDE28A593AF006873C1 /* HomeView.swift in Sources */ = {isa = PBXBuildFile; fileRef = 2E741BDD28A593AF006873C1 /* HomeView.swift */; };
		2E741BE228A59485006873C1 /* CircleButtonView.swift in Sources */ = {isa = PBXBuildFile; fileRef = 2E741BE128A59485006873C1 /* CircleButtonView.swift */; };
		2E741BE428A59733006873C1 /* CircleButtonAnimationView.swift in Sources */ = {isa = PBXBuildFile; fileRef = 2E741BE328A59733006873C1 /* CircleButtonAnimationView.swift */; };
		2E741BE728A59BB4006873C1 /* CoinModel.swift in Sources */ = {isa = PBXBuildFile; fileRef = 2E741BE628A59BB4006873C1 /* CoinModel.swift */; };
		2E741BE928A59FAA006873C1 /* CoinRowView.swift in Sources */ = {isa = PBXBuildFile; fileRef = 2E741BE828A59FAA006873C1 /* CoinRowView.swift */; };
		2E741BEB28A5A007006873C1 /* PreviewProvider.swift in Sources */ = {isa = PBXBuildFile; fileRef = 2E741BEA28A5A007006873C1 /* PreviewProvider.swift */; };
		2E741BED28A5A2A8006873C1 /* Double.swift in Sources */ = {isa = PBXBuildFile; fileRef = 2E741BEC28A5A2A8006873C1 /* Double.swift */; };
		2E741BEF28A5AA34006873C1 /* HomeViewModel.swift in Sources */ = {isa = PBXBuildFile; fileRef = 2E741BEE28A5AA34006873C1 /* HomeViewModel.swift */; };
/* End PBXBuildFile section */

/* Begin PBXFileReference section */
		2E42EC2128A7997000C6BFFF /* CoinImageView.swift */ = {isa = PBXFileReference; lastKnownFileType = sourcecode.swift; path = CoinImageView.swift; sourceTree = "<group>"; };
		2E42EC2328A79FCC00C6BFFF /* CoinImageService.swift */ = {isa = PBXFileReference; lastKnownFileType = sourcecode.swift; path = CoinImageService.swift; sourceTree = "<group>"; };
		2E42EC2528A7A1CC00C6BFFF /* CoinImageViewModel.swift */ = {isa = PBXFileReference; lastKnownFileType = sourcecode.swift; path = CoinImageViewModel.swift; sourceTree = "<group>"; };
		2E42EC2728A7BF7900C6BFFF /* LocalFileManager.swift */ = {isa = PBXFileReference; lastKnownFileType = sourcecode.swift; path = LocalFileManager.swift; sourceTree = "<group>"; };
		2E42EC2A28A7CE1700C6BFFF /* SearchBarView.swift */ = {isa = PBXFileReference; lastKnownFileType = sourcecode.swift; path = SearchBarView.swift; sourceTree = "<group>"; };
		2E42EC2C28A7D29E00C6BFFF /* UIApplication.swift */ = {isa = PBXFileReference; lastKnownFileType = sourcecode.swift; path = UIApplication.swift; sourceTree = "<group>"; };
		2E45D2A428A6F3FA00B65EC6 /* CoinDataService.swift */ = {isa = PBXFileReference; lastKnownFileType = sourcecode.swift; path = CoinDataService.swift; sourceTree = "<group>"; };
		2E45D2A728A6FC7A00B65EC6 /* NetworkingManager.swift */ = {isa = PBXFileReference; lastKnownFileType = sourcecode.swift; path = NetworkingManager.swift; sourceTree = "<group>"; };
		2E741BC528A58E3F006873C1 /* Crypto Tracker.app */ = {isa = PBXFileReference; explicitFileType = wrapper.application; includeInIndex = 0; path = "Crypto Tracker.app"; sourceTree = BUILT_PRODUCTS_DIR; };
		2E741BC828A58E3F006873C1 /* SwiftfulCryptoApp.swift */ = {isa = PBXFileReference; lastKnownFileType = sourcecode.swift; path = SwiftfulCryptoApp.swift; sourceTree = "<group>"; };
		2E741BCA28A58E3F006873C1 /* ContentView.swift */ = {isa = PBXFileReference; lastKnownFileType = sourcecode.swift; path = ContentView.swift; sourceTree = "<group>"; };
		2E741BCC28A58E44006873C1 /* Assets.xcassets */ = {isa = PBXFileReference; lastKnownFileType = folder.assetcatalog; path = Assets.xcassets; sourceTree = "<group>"; };
		2E741BCF28A58E45006873C1 /* Preview Assets.xcassets */ = {isa = PBXFileReference; lastKnownFileType = folder.assetcatalog; path = "Preview Assets.xcassets"; sourceTree = "<group>"; };
		2E741BD728A5912E006873C1 /* Color.swift */ = {isa = PBXFileReference; lastKnownFileType = sourcecode.swift; path = Color.swift; sourceTree = "<group>"; };
		2E741BDD28A593AF006873C1 /* HomeView.swift */ = {isa = PBXFileReference; lastKnownFileType = sourcecode.swift; path = HomeView.swift; sourceTree = "<group>"; };
		2E741BE128A59485006873C1 /* CircleButtonView.swift */ = {isa = PBXFileReference; lastKnownFileType = sourcecode.swift; path = CircleButtonView.swift; sourceTree = "<group>"; };
		2E741BE328A59733006873C1 /* CircleButtonAnimationView.swift */ = {isa = PBXFileReference; lastKnownFileType = sourcecode.swift; path = CircleButtonAnimationView.swift; sourceTree = "<group>"; };
		2E741BE628A59BB4006873C1 /* CoinModel.swift */ = {isa = PBXFileReference; fileEncoding = 4; lastKnownFileType = sourcecode.swift; path = CoinModel.swift; sourceTree = "<group>"; };
		2E741BE828A59FAA006873C1 /* CoinRowView.swift */ = {isa = PBXFileReference; lastKnownFileType = sourcecode.swift; path = CoinRowView.swift; sourceTree = "<group>"; };
		2E741BEA28A5A007006873C1 /* PreviewProvider.swift */ = {isa = PBXFileReference; lastKnownFileType = sourcecode.swift; path = PreviewProvider.swift; sourceTree = "<group>"; };
		2E741BEC28A5A2A8006873C1 /* Double.swift */ = {isa = PBXFileReference; lastKnownFileType = sourcecode.swift; path = Double.swift; sourceTree = "<group>"; };
		2E741BEE28A5AA34006873C1 /* HomeViewModel.swift */ = {isa = PBXFileReference; lastKnownFileType = sourcecode.swift; path = HomeViewModel.swift; sourceTree = "<group>"; };
/* End PBXFileReference section */

/* Begin PBXFrameworksBuildPhase section */
		2E741BC228A58E3F006873C1 /* Frameworks */ = {
			isa = PBXFrameworksBuildPhase;
			buildActionMask = 2147483647;
			files = (
			);
			runOnlyForDeploymentPostprocessing = 0;
		};
/* End PBXFrameworksBuildPhase section */

/* Begin PBXGroup section */
		2E42EC2028A7995F00C6BFFF /* CoinImage */ = {
			isa = PBXGroup;
			children = (
				2E42EC2128A7997000C6BFFF /* CoinImageView.swift */,
				2E42EC2528A7A1CC00C6BFFF /* CoinImageViewModel.swift */,
			);
			path = CoinImage;
			sourceTree = "<group>";
		};
		2E42EC2928A7CDF100C6BFFF /* SearchBar */ = {
			isa = PBXGroup;
			children = (
				2E42EC2A28A7CE1700C6BFFF /* SearchBarView.swift */,
			);
			path = SearchBar;
			sourceTree = "<group>";
		};
		2E45D2A328A6F3D200B65EC6 /* Services */ = {
			isa = PBXGroup;
			children = (
				2E45D2A428A6F3FA00B65EC6 /* CoinDataService.swift */,
				2E42EC2328A79FCC00C6BFFF /* CoinImageService.swift */,
			);
			path = Services;
			sourceTree = "<group>";
		};
		2E45D2A628A6FC4A00B65EC6 /* Utilities */ = {
			isa = PBXGroup;
			children = (
				2E45D2A728A6FC7A00B65EC6 /* NetworkingManager.swift */,
				2E42EC2728A7BF7900C6BFFF /* LocalFileManager.swift */,
			);
			path = Utilities;
			sourceTree = "<group>";
		};
		2E741BBC28A58E3F006873C1 = {
			isa = PBXGroup;
			children = (
				2E741BC728A58E3F006873C1 /* SwiftfulCrypto */,
				2E741BC628A58E3F006873C1 /* Products */,
			);
			sourceTree = "<group>";
		};
		2E741BC628A58E3F006873C1 /* Products */ = {
			isa = PBXGroup;
			children = (
				2E741BC528A58E3F006873C1 /* Crypto Tracker.app */,
			);
			name = Products;
			sourceTree = "<group>";
		};
		2E741BC728A58E3F006873C1 /* SwiftfulCrypto */ = {
			isa = PBXGroup;
			children = (
				2E45D2A628A6FC4A00B65EC6 /* Utilities */,
				2E741BC828A58E3F006873C1 /* SwiftfulCryptoApp.swift */,
				2E741BCA28A58E3F006873C1 /* ContentView.swift */,
				2E741BD628A5911C006873C1 /* Extensions */,
				2E45D2A328A6F3D200B65EC6 /* Services */,
				2E741BE528A59B87006873C1 /* Models */,
				2E741BD928A5937D006873C1 /* Core */,
				2E741BCC28A58E44006873C1 /* Assets.xcassets */,
				2E741BCE28A58E45006873C1 /* Preview Content */,
			);
			path = SwiftfulCrypto;
			sourceTree = "<group>";
		};
		2E741BCE28A58E45006873C1 /* Preview Content */ = {
			isa = PBXGroup;
			children = (
				2E741BCF28A58E45006873C1 /* Preview Assets.xcassets */,
			);
			path = "Preview Content";
			sourceTree = "<group>";
		};
		2E741BD628A5911C006873C1 /* Extensions */ = {
			isa = PBXGroup;
			children = (
				2E741BD728A5912E006873C1 /* Color.swift */,
				2E741BEA28A5A007006873C1 /* PreviewProvider.swift */,
				2E741BEC28A5A2A8006873C1 /* Double.swift */,
				2E42EC2C28A7D29E00C6BFFF /* UIApplication.swift */,
			);
			path = Extensions;
			sourceTree = "<group>";
		};
		2E741BD928A5937D006873C1 /* Core */ = {
			isa = PBXGroup;
			children = (
				2E741BDF28A5945B006873C1 /* Components */,
				2E741BDA28A5938A006873C1 /* Home */,
			);
			path = Core;
			sourceTree = "<group>";
		};
		2E741BDA28A5938A006873C1 /* Home */ = {
			isa = PBXGroup;
			children = (
				2E741BDC28A5939A006873C1 /* ViewModels */,
				2E741BDB28A59395006873C1 /* Views */,
			);
			path = Home;
			sourceTree = "<group>";
		};
		2E741BDB28A59395006873C1 /* Views */ = {
			isa = PBXGroup;
			children = (
				2E741BDD28A593AF006873C1 /* HomeView.swift */,
				2E741BE828A59FAA006873C1 /* CoinRowView.swift */,
			);
			path = Views;
			sourceTree = "<group>";
		};
		2E741BDC28A5939A006873C1 /* ViewModels */ = {
			isa = PBXGroup;
			children = (
				2E741BEE28A5AA34006873C1 /* HomeViewModel.swift */,
			);
			path = ViewModels;
			sourceTree = "<group>";
		};
		2E741BDF28A5945B006873C1 /* Components */ = {
			isa = PBXGroup;
			children = (
				2E42EC2928A7CDF100C6BFFF /* SearchBar */,
				2E42EC2028A7995F00C6BFFF /* CoinImage */,
				2E741BE028A59475006873C1 /* CircleButton */,
			);
			path = Components;
			sourceTree = "<group>";
		};
		2E741BE028A59475006873C1 /* CircleButton */ = {
			isa = PBXGroup;
			children = (
				2E741BE128A59485006873C1 /* CircleButtonView.swift */,
				2E741BE328A59733006873C1 /* CircleButtonAnimationView.swift */,
			);
			path = CircleButton;
			sourceTree = "<group>";
		};
		2E741BE528A59B87006873C1 /* Models */ = {
			isa = PBXGroup;
			children = (
				2E741BE628A59BB4006873C1 /* CoinModel.swift */,
			);
			path = Models;
			sourceTree = "<group>";
		};
/* End PBXGroup section */

/* Begin PBXNativeTarget section */
		2E741BC428A58E3F006873C1 /* SwiftfulCrypto */ = {
			isa = PBXNativeTarget;
			buildConfigurationList = 2E741BD328A58E45006873C1 /* Build configuration list for PBXNativeTarget "SwiftfulCrypto" */;
			buildPhases = (
				2E741BC128A58E3F006873C1 /* Sources */,
				2E741BC228A58E3F006873C1 /* Frameworks */,
				2E741BC328A58E3F006873C1 /* Resources */,
			);
			buildRules = (
			);
			dependencies = (
			);
			name = SwiftfulCrypto;
			productName = SwiftfulCrypto;
			productReference = 2E741BC528A58E3F006873C1 /* Crypto Tracker.app */;
			productType = "com.apple.product-type.application";
		};
/* End PBXNativeTarget section */

/* Begin PBXProject section */
		2E741BBD28A58E3F006873C1 /* Project object */ = {
			isa = PBXProject;
			attributes = {
				BuildIndependentTargetsInParallel = 1;
				LastSwiftUpdateCheck = 1340;
				LastUpgradeCheck = 1340;
				TargetAttributes = {
					2E741BC428A58E3F006873C1 = {
						CreatedOnToolsVersion = 13.4.1;
					};
				};
			};
			buildConfigurationList = 2E741BC028A58E3F006873C1 /* Build configuration list for PBXProject "SwiftfulCrypto" */;
			compatibilityVersion = "Xcode 13.0";
			developmentRegion = en;
			hasScannedForEncodings = 0;
			knownRegions = (
				en,
				Base,
			);
			mainGroup = 2E741BBC28A58E3F006873C1;
			productRefGroup = 2E741BC628A58E3F006873C1 /* Products */;
			projectDirPath = "";
			projectRoot = "";
			targets = (
				2E741BC428A58E3F006873C1 /* SwiftfulCrypto */,
			);
		};
/* End PBXProject section */

/* Begin PBXResourcesBuildPhase section */
		2E741BC328A58E3F006873C1 /* Resources */ = {
			isa = PBXResourcesBuildPhase;
			buildActionMask = 2147483647;
			files = (
				2E741BD028A58E45006873C1 /* Preview Assets.xcassets in Resources */,
				2E741BCD28A58E45006873C1 /* Assets.xcassets in Resources */,
			);
			runOnlyForDeploymentPostprocessing = 0;
		};
/* End PBXResourcesBuildPhase section */

/* Begin PBXSourcesBuildPhase section */
		2E741BC128A58E3F006873C1 /* Sources */ = {
			isa = PBXSourcesBuildPhase;
			buildActionMask = 2147483647;
			files = (
				2E45D2A528A6F3FA00B65EC6 /* CoinDataService.swift in Sources */,
				2E741BE928A59FAA006873C1 /* CoinRowView.swift in Sources */,
				2E741BEF28A5AA34006873C1 /* HomeViewModel.swift in Sources */,
				2E741BCB28A58E3F006873C1 /* ContentView.swift in Sources */,
				2E42EC2828A7BF7900C6BFFF /* LocalFileManager.swift in Sources */,
				2E741BDE28A593AF006873C1 /* HomeView.swift in Sources */,
				2E42EC2228A7997000C6BFFF /* CoinImageView.swift in Sources */,
				2E741BC928A58E3F006873C1 /* SwiftfulCryptoApp.swift in Sources */,
				2E42EC2D28A7D29E00C6BFFF /* UIApplication.swift in Sources */,
				2E741BE228A59485006873C1 /* CircleButtonView.swift in Sources */,
				2E741BD828A5912E006873C1 /* Color.swift in Sources */,
				2E42EC2B28A7CE1700C6BFFF /* SearchBarView.swift in Sources */,
				2E45D2A828A6FC7A00B65EC6 /* NetworkingManager.swift in Sources */,
				2E741BE428A59733006873C1 /* CircleButtonAnimationView.swift in Sources */,
				2E42EC2628A7A1CC00C6BFFF /* CoinImageViewModel.swift in Sources */,
				2E741BEB28A5A007006873C1 /* PreviewProvider.swift in Sources */,
				2E741BED28A5A2A8006873C1 /* Double.swift in Sources */,
				2E42EC2428A79FCC00C6BFFF /* CoinImageService.swift in Sources */,
				2E741BE728A59BB4006873C1 /* CoinModel.swift in Sources */,
			);
			runOnlyForDeploymentPostprocessing = 0;
		};
/* End PBXSourcesBuildPhase section */

/* Begin XCBuildConfiguration section */
		2E741BD128A58E45006873C1 /* Debug */ = {
			isa = XCBuildConfiguration;
			buildSettings = {
				ALWAYS_SEARCH_USER_PATHS = NO;
				CLANG_ANALYZER_NONNULL = YES;
				CLANG_ANALYZER_NUMBER_OBJECT_CONVERSION = YES_AGGRESSIVE;
				CLANG_CXX_LANGUAGE_STANDARD = "gnu++17";
				CLANG_ENABLE_MODULES = YES;
				CLANG_ENABLE_OBJC_ARC = YES;
				CLANG_ENABLE_OBJC_WEAK = YES;
				CLANG_WARN_BLOCK_CAPTURE_AUTORELEASING = YES;
				CLANG_WARN_BOOL_CONVERSION = YES;
				CLANG_WARN_COMMA = YES;
				CLANG_WARN_CONSTANT_CONVERSION = YES;
				CLANG_WARN_DEPRECATED_OBJC_IMPLEMENTATIONS = YES;
				CLANG_WARN_DIRECT_OBJC_ISA_USAGE = YES_ERROR;
				CLANG_WARN_DOCUMENTATION_COMMENTS = YES;
				CLANG_WARN_EMPTY_BODY = YES;
				CLANG_WARN_ENUM_CONVERSION = YES;
				CLANG_WARN_INFINITE_RECURSION = YES;
				CLANG_WARN_INT_CONVERSION = YES;
				CLANG_WARN_NON_LITERAL_NULL_CONVERSION = YES;
				CLANG_WARN_OBJC_IMPLICIT_RETAIN_SELF = YES;
				CLANG_WARN_OBJC_LITERAL_CONVERSION = YES;
				CLANG_WARN_OBJC_ROOT_CLASS = YES_ERROR;
				CLANG_WARN_QUOTED_INCLUDE_IN_FRAMEWORK_HEADER = YES;
				CLANG_WARN_RANGE_LOOP_ANALYSIS = YES;
				CLANG_WARN_STRICT_PROTOTYPES = YES;
				CLANG_WARN_SUSPICIOUS_MOVE = YES;
				CLANG_WARN_UNGUARDED_AVAILABILITY = YES_AGGRESSIVE;
				CLANG_WARN_UNREACHABLE_CODE = YES;
				CLANG_WARN__DUPLICATE_METHOD_MATCH = YES;
				COPY_PHASE_STRIP = NO;
				DEBUG_INFORMATION_FORMAT = dwarf;
				ENABLE_STRICT_OBJC_MSGSEND = YES;
				ENABLE_TESTABILITY = YES;
				GCC_C_LANGUAGE_STANDARD = gnu11;
				GCC_DYNAMIC_NO_PIC = NO;
				GCC_NO_COMMON_BLOCKS = YES;
				GCC_OPTIMIZATION_LEVEL = 0;
				GCC_PREPROCESSOR_DEFINITIONS = (
					"DEBUG=1",
					"$(inherited)",
				);
				GCC_WARN_64_TO_32_BIT_CONVERSION = YES;
				GCC_WARN_ABOUT_RETURN_TYPE = YES_ERROR;
				GCC_WARN_UNDECLARED_SELECTOR = YES;
				GCC_WARN_UNINITIALIZED_AUTOS = YES_AGGRESSIVE;
				GCC_WARN_UNUSED_FUNCTION = YES;
				GCC_WARN_UNUSED_VARIABLE = YES;
				IPHONEOS_DEPLOYMENT_TARGET = 15.5;
				MTL_ENABLE_DEBUG_INFO = INCLUDE_SOURCE;
				MTL_FAST_MATH = YES;
				ONLY_ACTIVE_ARCH = YES;
				SDKROOT = iphoneos;
				SWIFT_ACTIVE_COMPILATION_CONDITIONS = DEBUG;
				SWIFT_OPTIMIZATION_LEVEL = "-Onone";
			};
			name = Debug;
		};
		2E741BD228A58E45006873C1 /* Release */ = {
			isa = XCBuildConfiguration;
			buildSettings = {
				ALWAYS_SEARCH_USER_PATHS = NO;
				CLANG_ANALYZER_NONNULL = YES;
				CLANG_ANALYZER_NUMBER_OBJECT_CONVERSION = YES_AGGRESSIVE;
				CLANG_CXX_LANGUAGE_STANDARD = "gnu++17";
				CLANG_ENABLE_MODULES = YES;
				CLANG_ENABLE_OBJC_ARC = YES;
				CLANG_ENABLE_OBJC_WEAK = YES;
				CLANG_WARN_BLOCK_CAPTURE_AUTORELEASING = YES;
				CLANG_WARN_BOOL_CONVERSION = YES;
				CLANG_WARN_COMMA = YES;
				CLANG_WARN_CONSTANT_CONVERSION = YES;
				CLANG_WARN_DEPRECATED_OBJC_IMPLEMENTATIONS = YES;
				CLANG_WARN_DIRECT_OBJC_ISA_USAGE = YES_ERROR;
				CLANG_WARN_DOCUMENTATION_COMMENTS = YES;
				CLANG_WARN_EMPTY_BODY = YES;
				CLANG_WARN_ENUM_CONVERSION = YES;
				CLANG_WARN_INFINITE_RECURSION = YES;
				CLANG_WARN_INT_CONVERSION = YES;
				CLANG_WARN_NON_LITERAL_NULL_CONVERSION = YES;
				CLANG_WARN_OBJC_IMPLICIT_RETAIN_SELF = YES;
				CLANG_WARN_OBJC_LITERAL_CONVERSION = YES;
				CLANG_WARN_OBJC_ROOT_CLASS = YES_ERROR;
				CLANG_WARN_QUOTED_INCLUDE_IN_FRAMEWORK_HEADER = YES;
				CLANG_WARN_RANGE_LOOP_ANALYSIS = YES;
				CLANG_WARN_STRICT_PROTOTYPES = YES;
				CLANG_WARN_SUSPICIOUS_MOVE = YES;
				CLANG_WARN_UNGUARDED_AVAILABILITY = YES_AGGRESSIVE;
				CLANG_WARN_UNREACHABLE_CODE = YES;
				CLANG_WARN__DUPLICATE_METHOD_MATCH = YES;
				COPY_PHASE_STRIP = NO;
				DEBUG_INFORMATION_FORMAT = "dwarf-with-dsym";
				ENABLE_NS_ASSERTIONS = NO;
				ENABLE_STRICT_OBJC_MSGSEND = YES;
				GCC_C_LANGUAGE_STANDARD = gnu11;
				GCC_NO_COMMON_BLOCKS = YES;
				GCC_WARN_64_TO_32_BIT_CONVERSION = YES;
				GCC_WARN_ABOUT_RETURN_TYPE = YES_ERROR;
				GCC_WARN_UNDECLARED_SELECTOR = YES;
				GCC_WARN_UNINITIALIZED_AUTOS = YES_AGGRESSIVE;
				GCC_WARN_UNUSED_FUNCTION = YES;
				GCC_WARN_UNUSED_VARIABLE = YES;
				IPHONEOS_DEPLOYMENT_TARGET = 15.5;
				MTL_ENABLE_DEBUG_INFO = NO;
				MTL_FAST_MATH = YES;
				SDKROOT = iphoneos;
				SWIFT_COMPILATION_MODE = wholemodule;
				SWIFT_OPTIMIZATION_LEVEL = "-O";
				VALIDATE_PRODUCT = YES;
			};
			name = Release;
		};
		2E741BD428A58E45006873C1 /* Debug */ = {
			isa = XCBuildConfiguration;
			buildSettings = {
				ASSETCATALOG_COMPILER_APPICON_NAME = AppIcon;
				ASSETCATALOG_COMPILER_GLOBAL_ACCENT_COLOR_NAME = AccentColor;
				CODE_SIGN_STYLE = Automatic;
				CURRENT_PROJECT_VERSION = 1;
				DEVELOPMENT_ASSET_PATHS = "\"SwiftfulCrypto/Preview Content\"";
				DEVELOPMENT_TEAM = UD7DDMT4QH;
				ENABLE_PREVIEWS = YES;
				GENERATE_INFOPLIST_FILE = YES;
				INFOPLIST_KEY_UIApplicationSceneManifest_Generation = YES;
				INFOPLIST_KEY_UIApplicationSupportsIndirectInputEvents = YES;
				INFOPLIST_KEY_UILaunchScreen_Generation = YES;
				INFOPLIST_KEY_UISupportedInterfaceOrientations = UIInterfaceOrientationPortrait;
				INFOPLIST_KEY_UISupportedInterfaceOrientations_iPad = "UIInterfaceOrientationPortrait UIInterfaceOrientationPortraitUpsideDown UIInterfaceOrientationLandscapeLeft UIInterfaceOrientationLandscapeRight";
				INFOPLIST_KEY_UISupportedInterfaceOrientations_iPhone = "UIInterfaceOrientationPortrait UIInterfaceOrientationLandscapeLeft UIInterfaceOrientationLandscapeRight";
				IPHONEOS_DEPLOYMENT_TARGET = 14.0;
				LD_RUNPATH_SEARCH_PATHS = (
					"$(inherited)",
					"@executable_path/Frameworks",
				);
				MARKETING_VERSION = 1.0;
				PRODUCT_BUNDLE_IDENTIFIER = "com.greg-ross.SwiftfulCrypto";
				PRODUCT_NAME = "Crypto Tracker";
				SWIFT_EMIT_LOC_STRINGS = YES;
				SWIFT_VERSION = 5.0;
				TARGETED_DEVICE_FAMILY = "1,2";
			};
			name = Debug;
		};
		2E741BD528A58E45006873C1 /* Release */ = {
			isa = XCBuildConfiguration;
			buildSettings = {
				ASSETCATALOG_COMPILER_APPICON_NAME = AppIcon;
				ASSETCATALOG_COMPILER_GLOBAL_ACCENT_COLOR_NAME = AccentColor;
				CODE_SIGN_STYLE = Automatic;
				CURRENT_PROJECT_VERSION = 1;
				DEVELOPMENT_ASSET_PATHS = "\"SwiftfulCrypto/Preview Content\"";
				DEVELOPMENT_TEAM = UD7DDMT4QH;
				ENABLE_PREVIEWS = YES;
				GENERATE_INFOPLIST_FILE = YES;
				INFOPLIST_KEY_UIApplicationSceneManifest_Generation = YES;
				INFOPLIST_KEY_UIApplicationSupportsIndirectInputEvents = YES;
				INFOPLIST_KEY_UILaunchScreen_Generation = YES;
				INFOPLIST_KEY_UISupportedInterfaceOrientations = UIInterfaceOrientationPortrait;
				INFOPLIST_KEY_UISupportedInterfaceOrientations_iPad = "UIInterfaceOrientationPortrait UIInterfaceOrientationPortraitUpsideDown UIInterfaceOrientationLandscapeLeft UIInterfaceOrientationLandscapeRight";
				INFOPLIST_KEY_UISupportedInterfaceOrientations_iPhone = "UIInterfaceOrientationPortrait UIInterfaceOrientationLandscapeLeft UIInterfaceOrientationLandscapeRight";
				IPHONEOS_DEPLOYMENT_TARGET = 14.0;
				LD_RUNPATH_SEARCH_PATHS = (
					"$(inherited)",
					"@executable_path/Frameworks",
				);
				MARKETING_VERSION = 1.0;
				PRODUCT_BUNDLE_IDENTIFIER = "com.greg-ross.SwiftfulCrypto";
				PRODUCT_NAME = "Crypto Tracker";
				SWIFT_EMIT_LOC_STRINGS = YES;
				SWIFT_VERSION = 5.0;
				TARGETED_DEVICE_FAMILY = "1,2";
			};
			name = Release;
		};
/* End XCBuildConfiguration section */

/* Begin XCConfigurationList section */
		2E741BC028A58E3F006873C1 /* Build configuration list for PBXProject "SwiftfulCrypto" */ = {
			isa = XCConfigurationList;
			buildConfigurations = (
				2E741BD128A58E45006873C1 /* Debug */,
				2E741BD228A58E45006873C1 /* Release */,
			);
			defaultConfigurationIsVisible = 0;
			defaultConfigurationName = Release;
		};
		2E741BD328A58E45006873C1 /* Build configuration list for PBXNativeTarget "SwiftfulCrypto" */ = {
			isa = XCConfigurationList;
			buildConfigurations = (
				2E741BD428A58E45006873C1 /* Debug */,
				2E741BD528A58E45006873C1 /* Release */,
			);
			defaultConfigurationIsVisible = 0;
			defaultConfigurationName = Release;
		};
/* End XCConfigurationList section */
	};
	rootObject = 2E741BBD28A58E3F006873C1 /* Project object */;
}
